
Microsoft Visual Studio Solution File, Format Version 12.00
# Visual Studio Version 17
VisualStudioVersion = 17.5.002.0
MinimumVisualStudioVersion = 10.0.40219.1
Project("{9A19103F-16F7-4668-BE54-9A1E7A4F7556}") = "Sprotifly2.0", "Sprotifly2.0.csproj", "{B28FA1DE-C276-4E38-9571-A952908ED411}"
EndProject
Global
	GlobalSection(SolutionConfigurationPlatforms) = preSolution
		Debug|Any CPU = Debug|Any CPU
		Release|Any CPU = Release|Any CPU
	EndGlobalSection
	GlobalSection(ProjectConfigurationPlatforms) = postSolution
		{B28FA1DE-C276-4E38-9571-A952908ED411}.Debug|Any CPU.ActiveCfg = Debug|Any CPU
		{B28FA1DE-C276-4E38-9571-A952908ED411}.Debug|Any CPU.Build.0 = Debug|Any CPU
		{B28FA1DE-C276-4E38-9571-A952908ED411}.Release|Any CPU.ActiveCfg = Release|Any CPU
		{B28FA1DE-C276-4E38-9571-A952908ED411}.Release|Any CPU.Build.0 = Release|Any CPU
	EndGlobalSection
	GlobalSection(SolutionProperties) = preSolution
		HideSolutionNode = FALSE
	EndGlobalSection
	GlobalSection(ExtensibilityGlobals) = postSolution
		SolutionGuid = {79275372-D112-4AAE-AAC6-3ADB3EDC2B17}
	EndGlobalSection
EndGlobal
